<?xml version="1.0" encoding="utf-8"?>
<Project ToolsVersion="4.0" xmlns="http://schemas.microsoft.com/developer/msbuild/2003">
  <ItemGroup>
    <Filter Include="Source Files">
      <UniqueIdentifier>{4FC737F1-C7A5-4376-A066-2A32D752A2FF}</UniqueIdentifier>
      <Extensions>cpp;c;cc;cxx;def;odl;idl;hpj;bat;asm;asmx</Extensions>
    </Filter>
    <Filter Include="Header Files">
      <UniqueIdentifier>{93995380-89BD-4b04-88EB-625FBE52EBFB}</UniqueIdentifier>
      <Extensions>h;hpp;hxx;hm;inl;inc;xsd</Extensions>
    </Filter>
    <Filter Include="Resource Files">
      <UniqueIdentifier>{67DA6AB6-F800-4c08-8B7A-83BB121AAD01}</UniqueIdentifier>
      <Extensions>rc;ico;cur;bmp;dlg;rc2;rct;bin;rgs;gif;jpg;jpeg;jpe;resx;tiff;tif;png;wav;mfcribbon-ms</Extensions>
    </Filter>
    <Filter Include="Game">
      <UniqueIdentifier>{f20bee90-2b2c-4fa2-a9a9-1d1171ec1684}</UniqueIdentifier>
    </Filter>
    <Filter Include="FX">
      <UniqueIdentifier>{090b36c6-9862-40a7-b8a5-c4394d4b10a3}</UniqueIdentifier>
    </Filter>
    <Filter Include="Game\Modes">
      <UniqueIdentifier>{bb87759c-f299-4d8b-bf78-6d55ec018fea}</UniqueIdentifier>
    </Filter>
    <Filter Include="Game\Entities">
      <UniqueIdentifier>{d3cb7ee7-9810-435a-886c-abb640379c8c}</UniqueIdentifier>
    </Filter>
    <Filter Include="Header Files\DX3D">
      <UniqueIdentifier>{cf6ed3cf-cea1-49a4-bb42-e528c49f4e94}</UniqueIdentifier>
    </Filter>
    <Filter Include="Source Files\DX3D">
      <UniqueIdentifier>{450c6070-89bc-4889-8410-7c887ed48c60}</UniqueIdentifier>
    </Filter>
    <Filter Include="Source Files\GameObjects">
      <UniqueIdentifier>{6193fbcc-93ed-432e-a454-a5f0bf67c36f}</UniqueIdentifier>
    </Filter>
    <Filter Include="Header Files\GameObjects">
      <UniqueIdentifier>{ffad9444-0618-44cc-8cba-3e065fda0744}</UniqueIdentifier>
    </Filter>
    <Filter Include="Header Files\Managers">
      <UniqueIdentifier>{6ba88aa3-f7c4-450e-a521-7e1f90b6f28e}</UniqueIdentifier>
    </Filter>
    <Filter Include="Source Files\Managers">
      <UniqueIdentifier>{c02a441c-b2ea-4aa7-ba70-95f1aa4d151c}</UniqueIdentifier>
    </Filter>
    <Filter Include="Source Files\UI">
      <UniqueIdentifier>{5db1e4da-38bd-468f-a8fb-4b4c03733eb6}</UniqueIdentifier>
    </Filter>
    <Filter Include="Header Files\UI">
      <UniqueIdentifier>{16cb5caf-b473-492b-856f-1e315ee0740f}</UniqueIdentifier>
    </Filter>
  </ItemGroup>
  <ItemGroup>
    <ClCompile Include="WindowUtils.cpp">
      <Filter>Source Files</Filter>
    </ClCompile>
    <ClCompile Include="Input.cpp">
      <Filter>Source Files</Filter>
    </ClCompile>
    <ClCompile Include="Game.cpp">
      <Filter>Game</Filter>
    </ClCompile>
    <ClCompile Include="main.cpp">
      <Filter>Game</Filter>
    </ClCompile>
    <ClCompile Include="GameOverMode.cpp">
      <Filter>Game\Modes</Filter>
    </ClCompile>
    <ClCompile Include="IntroMode.cpp">
      <Filter>Game\Modes</Filter>
    </ClCompile>
    <ClCompile Include="Enemy.cpp">
      <Filter>Game\Entities</Filter>
    </ClCompile>
    <ClCompile Include="Player.cpp">
      <Filter>Game\Entities</Filter>
    </ClCompile>
    <ClCompile Include="PlayMode.cpp">
      <Filter>Game\Modes</Filter>
    </ClCompile>
    <ClCompile Include="D3D.cpp">
      <Filter>Source Files\DX3D</Filter>
    </ClCompile>
    <ClCompile Include="D3DUtil.cpp">
      <Filter>Source Files\DX3D</Filter>
    </ClCompile>
    <ClCompile Include="FX.cpp">
      <Filter>Source Files\DX3D</Filter>
    </ClCompile>
    <ClCompile Include="GeometryBuilder.cpp">
      <Filter>Source Files\DX3D</Filter>
    </ClCompile>
    <ClCompile Include="Mesh.cpp">
      <Filter>Source Files\DX3D</Filter>
    </ClCompile>
    <ClCompile Include="Model.cpp">
      <Filter>Source Files\DX3D</Filter>
    </ClCompile>
    <ClCompile Include="ShaderTypes.cpp">
      <Filter>Source Files\DX3D</Filter>
    </ClCompile>
    <ClCompile Include="TexCache.cpp">
      <Filter>Source Files\DX3D</Filter>
    </ClCompile>
    <ClCompile Include="FontCache.cpp">
      <Filter>Source Files\DX3D</Filter>
    </ClCompile>
    <ClCompile Include="Shelter.cpp">
      <Filter>Game\Entities</Filter>
    </ClCompile>
    <ClCompile Include="MainMenuMode.cpp">
      <Filter>Game\Modes</Filter>
    </ClCompile>
    <ClCompile Include="GameObj.cpp">
      <Filter>Source Files\GameObjects</Filter>
    </ClCompile>
    <ClCompile Include="Sprite.cpp">
      <Filter>Source Files\GameObjects</Filter>
    </ClCompile>
    <ClCompile Include="Text.cpp">
      <Filter>Source Files\GameObjects</Filter>
    </ClCompile>
    <ClCompile Include="ModeMgr.cpp">
      <Filter>Source Files\Managers</Filter>
    </ClCompile>
    <ClCompile Include="ScoreSystem.cpp">
      <Filter>Source Files\Managers</Filter>
    </ClCompile>
    <ClCompile Include="AudioManager.cpp">
      <Filter>Source Files\Managers</Filter>
    </ClCompile>
    <ClCompile Include="UIManager.cpp">
      <Filter>Source Files\UI</Filter>
    </ClCompile>
    <ClCompile Include="UIButton.cpp">
      <Filter>Source Files\UI</Filter>
    </ClCompile>
    <ClCompile Include="ScoreMenuMode.cpp">
      <Filter>Game\Modes</Filter>
    </ClCompile>
    <ClCompile Include="SettingsMenuMode.cpp">
      <Filter>Game\Modes</Filter>
    </ClCompile>
    <ClCompile Include="UICounter.cpp">
      <Filter>Source Files\UI</Filter>
    </ClCompile>
    <ClCompile Include="TutorialMenuMode.cpp">
      <Filter>Game\Modes</Filter>
    </ClCompile>
  </ItemGroup>
  <ItemGroup>
    <ClInclude Include="WindowUtils.h">
      <Filter>Header Files</Filter>
    </ClInclude>
    <ClInclude Include="Input.h">
      <Filter>Header Files</Filter>
    </ClInclude>
    <ClInclude Include="Singleton.h">
      <Filter>Header Files</Filter>
    </ClInclude>
    <ClInclude Include="Game.h">
      <Filter>Game</Filter>
    </ClInclude>
    <ClInclude Include="Utils.h">
      <Filter>Header Files</Filter>
    </ClInclude>
    <ClInclude Include="GameOverMode.h">
      <Filter>Game\Modes</Filter>
    </ClInclude>
    <ClInclude Include="IntroMode.h">
      <Filter>Game\Modes</Filter>
    </ClInclude>
    <ClInclude Include="PlayMode.h">
      <Filter>Game\Modes</Filter>
    </ClInclude>
    <ClInclude Include="Enemy.h">
      <Filter>Game\Entities</Filter>
    </ClInclude>
    <ClInclude Include="Player.h">
      <Filter>Game\Entities</Filter>
    </ClInclude>
    <ClInclude Include="D3D.h">
      <Filter>Header Files\DX3D</Filter>
    </ClInclude>
    <ClInclude Include="D3DUtil.h">
      <Filter>Header Files\DX3D</Filter>
    </ClInclude>
    <ClInclude Include="FX.h">
      <Filter>Header Files\DX3D</Filter>
    </ClInclude>
    <ClInclude Include="GeometryBuilder.h">
      <Filter>Header Files\DX3D</Filter>
    </ClInclude>
    <ClInclude Include="Model.h">
      <Filter>Header Files\DX3D</Filter>
    </ClInclude>
    <ClInclude Include="Mesh.h">
      <Filter>Header Files\DX3D</Filter>
    </ClInclude>
    <ClInclude Include="ShaderTypes.h">
      <Filter>Header Files\DX3D</Filter>
    </ClInclude>
    <ClInclude Include="TexCache.h">
      <Filter>Header Files\DX3D</Filter>
    </ClInclude>
    <ClInclude Include="constants.h">
      <Filter>Game</Filter>
    </ClInclude>
    <ClInclude Include="FontCache.h">
      <Filter>Header Files\DX3D</Filter>
    </ClInclude>
    <ClInclude Include="Shelter.h">
      <Filter>Game\Entities</Filter>
    </ClInclude>
    <ClInclude Include="MainMenuMode.h">
      <Filter>Game\Modes</Filter>
    </ClInclude>
    <ClInclude Include="GameObj.h">
      <Filter>Header Files\GameObjects</Filter>
    </ClInclude>
    <ClInclude Include="Text.h">
      <Filter>Header Files\GameObjects</Filter>
    </ClInclude>
    <ClInclude Include="Sprite.h">
      <Filter>Header Files\GameObjects</Filter>
    </ClInclude>
    <ClInclude Include="AudioManager.h">
      <Filter>Header Files\Managers</Filter>
    </ClInclude>
    <ClInclude Include="ScoreSystem.h">
      <Filter>Header Files\Managers</Filter>
    </ClInclude>
    <ClInclude Include="ModeMgr.h">
      <Filter>Header Files\Managers</Filter>
    </ClInclude>
    <ClInclude Include="UIManager.h">
      <Filter>Header Files\UI</Filter>
    </ClInclude>
    <ClInclude Include="UIButton.h">
      <Filter>Header Files\UI</Filter>
    </ClInclude>
    <ClInclude Include="ScoreMenuMode.h">
      <Filter>Game\Modes</Filter>
    </ClInclude>
    <ClInclude Include="SettingsMenuMode.h">
      <Filter>Game\Modes</Filter>
    </ClInclude>
    <ClInclude Include="UICounter.h">
      <Filter>Header Files\UI</Filter>
    </ClInclude>
    <ClInclude Include="TutorialMenuMode.h">
      <Filter>Game\Modes</Filter>
    </ClInclude>
  </ItemGroup>
  <ItemGroup>
    <FxCompile Include="..\FX\TextureVS.hlsl">
      <Filter>FX</Filter>
    </FxCompile>
    <FxCompile Include="..\FX\PSUnlitNoTex.hlsl">
      <Filter>FX</Filter>
    </FxCompile>
    <FxCompile Include="..\FX\PSUnlitTex.hlsl">
      <Filter>FX</Filter>
    </FxCompile>
    <FxCompile Include="..\FX\Constants.hlsl">
      <Filter>FX</Filter>
    </FxCompile>
    <FxCompile Include="..\FX\LightHelper.hlsl">
      <Filter>FX</Filter>
    </FxCompile>
    <FxCompile Include="..\FX\PSCore.hlsl">
      <Filter>FX</Filter>
    </FxCompile>
    <FxCompile Include="..\FX\PSLitNoTex.hlsl">
      <Filter>FX</Filter>
    </FxCompile>
    <FxCompile Include="..\FX\PSLitTex.hlsl">
      <Filter>FX</Filter>
    </FxCompile>
  </ItemGroup>
</Project>